// !$*UTF8*$!
{
	archiveVersion = 1;
	classes = {
	};
	objectVersion = 46;
	objects = {

/* Begin PBXBuildFile section */
		6A2FC474199558D3004D0DAC /* AppDelegate.swift in Sources */ = {isa = PBXBuildFile; fileRef = 6A2FC473199558D3004D0DAC /* AppDelegate.swift */; };
		6A2FC476199558D3004D0DAC /* ViewController.swift in Sources */ = {isa = PBXBuildFile; fileRef = 6A2FC475199558D3004D0DAC /* ViewController.swift */; };
		6A2FC479199558D3004D0DAC /* Main.storyboard in Resources */ = {isa = PBXBuildFile; fileRef = 6A2FC477199558D3004D0DAC /* Main.storyboard */; };
		6A2FC47B199558D3004D0DAC /* Images.xcassets in Resources */ = {isa = PBXBuildFile; fileRef = 6A2FC47A199558D3004D0DAC /* Images.xcassets */; };
		6A2FC487199558D3004D0DAC /* Week1HW_DropboxTests.swift in Sources */ = {isa = PBXBuildFile; fileRef = 6A2FC486199558D3004D0DAC /* Week1HW_DropboxTests.swift */; };
		6A2FC49119955B9E004D0DAC /* CreateAccountRootViewController.swift in Sources */ = {isa = PBXBuildFile; fileRef = 6A2FC49019955B9E004D0DAC /* CreateAccountRootViewController.swift */; };
		6A2FC49319955C10004D0DAC /* CreateAccountViewController.swift in Sources */ = {isa = PBXBuildFile; fileRef = 6A2FC49219955C10004D0DAC /* CreateAccountViewController.swift */; };
		6A2FC49719955EA2004D0DAC /* TermsViewController.swift in Sources */ = {isa = PBXBuildFile; fileRef = 6A2FC49619955EA2004D0DAC /* TermsViewController.swift */; };
		6A2FC49B1995649D004D0DAC /* SignInRootViewController.swift in Sources */ = {isa = PBXBuildFile; fileRef = 6A2FC49A1995649D004D0DAC /* SignInRootViewController.swift */; };
		6A2FC49D199564A7004D0DAC /* SignInViewController.swift in Sources */ = {isa = PBXBuildFile; fileRef = 6A2FC49C199564A7004D0DAC /* SignInViewController.swift */; };
		6A2FC49F19956A76004D0DAC /* SettingsViewController.swift in Sources */ = {isa = PBXBuildFile; fileRef = 6A2FC49E19956A76004D0DAC /* SettingsViewController.swift */; };
/* End PBXBuildFile section */

/* Begin PBXContainerItemProxy section */
		6A2FC481199558D3004D0DAC /* PBXContainerItemProxy */ = {
			isa = PBXContainerItemProxy;
			containerPortal = 6A2FC466199558D3004D0DAC /* Project object */;
			proxyType = 1;
			remoteGlobalIDString = 6A2FC46D199558D3004D0DAC;
			remoteInfo = Week1HW_Dropbox;
		};
/* End PBXContainerItemProxy section */

/* Begin PBXFileReference section */
		6A2FC46E199558D3004D0DAC /* Week1HW_Dropbox.app */ = {isa = PBXFileReference; explicitFileType = wrapper.application; includeInIndex = 0; path = Week1HW_Dropbox.app; sourceTree = BUILT_PRODUCTS_DIR; };
		6A2FC472199558D3004D0DAC /* Info.plist */ = {isa = PBXFileReference; lastKnownFileType = text.plist.xml; path = Info.plist; sourceTree = "<group>"; };
		6A2FC473199558D3004D0DAC /* AppDelegate.swift */ = {isa = PBXFileReference; lastKnownFileType = sourcecode.swift; path = AppDelegate.swift; sourceTree = "<group>"; };
		6A2FC475199558D3004D0DAC /* ViewController.swift */ = {isa = PBXFileReference; lastKnownFileType = sourcecode.swift; path = ViewController.swift; sourceTree = "<group>"; };
		6A2FC478199558D3004D0DAC /* Base */ = {isa = PBXFileReference; lastKnownFileType = file.storyboard; name = Base; path = Base.lproj/Main.storyboard; sourceTree = "<group>"; };
		6A2FC47A199558D3004D0DAC /* Images.xcassets */ = {isa = PBXFileReference; lastKnownFileType = folder.assetcatalog; path = Images.xcassets; sourceTree = "<group>"; };
		6A2FC480199558D3004D0DAC /* Week1HW_DropboxTests.xctest */ = {isa = PBXFileReference; explicitFileType = wrapper.cfbundle; includeInIndex = 0; path = Week1HW_DropboxTests.xctest; sourceTree = BUILT_PRODUCTS_DIR; };
		6A2FC485199558D3004D0DAC /* Info.plist */ = {isa = PBXFileReference; lastKnownFileType = text.plist.xml; path = Info.plist; sourceTree = "<group>"; };
		6A2FC486199558D3004D0DAC /* Week1HW_DropboxTests.swift */ = {isa = PBXFileReference; lastKnownFileType = sourcecode.swift; path = Week1HW_DropboxTests.swift; sourceTree = "<group>"; };
		6A2FC49019955B9E004D0DAC /* CreateAccountRootViewController.swift */ = {isa = PBXFileReference; fileEncoding = 4; lastKnownFileType = sourcecode.swift; path = CreateAccountRootViewController.swift; sourceTree = "<group>"; };
		6A2FC49219955C10004D0DAC /* CreateAccountViewController.swift */ = {isa = PBXFileReference; fileEncoding = 4; lastKnownFileType = sourcecode.swift; path = CreateAccountViewController.swift; sourceTree = "<group>"; };
		6A2FC49619955EA2004D0DAC /* TermsViewController.swift */ = {isa = PBXFileReference; fileEncoding = 4; lastKnownFileType = sourcecode.swift; path = TermsViewController.swift; sourceTree = "<group>"; };
		6A2FC49A1995649D004D0DAC /* SignInRootViewController.swift */ = {isa = PBXFileReference; fileEncoding = 4; lastKnownFileType = sourcecode.swift; path = SignInRootViewController.swift; sourceTree = "<group>"; };
		6A2FC49C199564A7004D0DAC /* SignInViewController.swift */ = {isa = PBXFileReference; fileEncoding = 4; lastKnownFileType = sourcecode.swift; path = SignInViewController.swift; sourceTree = "<group>"; };
		6A2FC49E19956A76004D0DAC /* SettingsViewController.swift */ = {isa = PBXFileReference; fileEncoding = 4; lastKnownFileType = sourcecode.swift; path = SettingsViewController.swift; sourceTree = "<group>"; };
/* End PBXFileReference section */

/* Begin PBXFrameworksBuildPhase section */
		6A2FC46B199558D3004D0DAC /* Frameworks */ = {
			isa = PBXFrameworksBuildPhase;
			buildActionMask = 2147483647;
			files = (
			);
			runOnlyForDeploymentPostprocessing = 0;
		};
		6A2FC47D199558D3004D0DAC /* Frameworks */ = {
			isa = PBXFrameworksBuildPhase;
			buildActionMask = 2147483647;
			files = (
			);
			runOnlyForDeploymentPostprocessing = 0;
		};
/* End PBXFrameworksBuildPhase section */

/* Begin PBXGroup section */
		6A2FC465199558D3004D0DAC = {
			isa = PBXGroup;
			children = (
				6A2FC470199558D3004D0DAC /* Week1HW_Dropbox */,
				6A2FC483199558D3004D0DAC /* Week1HW_DropboxTests */,
				6A2FC46F199558D3004D0DAC /* Products */,
			);
			sourceTree = "<group>";
		};
		6A2FC46F199558D3004D0DAC /* Products */ = {
			isa = PBXGroup;
			children = (
				6A2FC46E199558D3004D0DAC /* Week1HW_Dropbox.app */,
				6A2FC480199558D3004D0DAC /* Week1HW_DropboxTests.xctest */,
			);
			name = Products;
			sourceTree = "<group>";
		};
		6A2FC470199558D3004D0DAC /* Week1HW_Dropbox */ = {
			isa = PBXGroup;
			children = (
				6A2FC49919955EBE004D0DAC /* Swift */,
				6A2FC477199558D3004D0DAC /* Main.storyboard */,
				6A2FC47A199558D3004D0DAC /* Images.xcassets */,
				6A2FC471199558D3004D0DAC /* Supporting Files */,
			);
			path = Week1HW_Dropbox;
			sourceTree = "<group>";
		};
		6A2FC471199558D3004D0DAC /* Supporting Files */ = {
			isa = PBXGroup;
			children = (
				6A2FC472199558D3004D0DAC /* Info.plist */,
			);
			name = "Supporting Files";
			sourceTree = "<group>";
		};
		6A2FC483199558D3004D0DAC /* Week1HW_DropboxTests */ = {
			isa = PBXGroup;
			children = (
				6A2FC486199558D3004D0DAC /* Week1HW_DropboxTests.swift */,
				6A2FC484199558D3004D0DAC /* Supporting Files */,
			);
			path = Week1HW_DropboxTests;
			sourceTree = "<group>";
		};
		6A2FC484199558D3004D0DAC /* Supporting Files */ = {
			isa = PBXGroup;
			children = (
				6A2FC485199558D3004D0DAC /* Info.plist */,
			);
			name = "Supporting Files";
			sourceTree = "<group>";
		};
		6A2FC49919955EBE004D0DAC /* Swift */ = {
			isa = PBXGroup;
			children = (
				6A2FC49019955B9E004D0DAC /* CreateAccountRootViewController.swift */,
				6A2FC473199558D3004D0DAC /* AppDelegate.swift */,
				6A2FC475199558D3004D0DAC /* ViewController.swift */,
				6A2FC49219955C10004D0DAC /* CreateAccountViewController.swift */,
				6A2FC49619955EA2004D0DAC /* TermsViewController.swift */,
				6A2FC49A1995649D004D0DAC /* SignInRootViewController.swift */,
				6A2FC49C199564A7004D0DAC /* SignInViewController.swift */,
				6A2FC49E19956A76004D0DAC /* SettingsViewController.swift */,
			);
			name = Swift;
			sourceTree = "<group>";
		};
/* End PBXGroup section */

/* Begin PBXNativeTarget section */
		6A2FC46D199558D3004D0DAC /* Week1HW_Dropbox */ = {
			isa = PBXNativeTarget;
			buildConfigurationList = 6A2FC48A199558D3004D0DAC /* Build configuration list for PBXNativeTarget "Week1HW_Dropbox" */;
			buildPhases = (
				6A2FC46A199558D3004D0DAC /* Sources */,
				6A2FC46B199558D3004D0DAC /* Frameworks */,
				6A2FC46C199558D3004D0DAC /* Resources */,
			);
			buildRules = (
			);
			dependencies = (
			);
			name = Week1HW_Dropbox;
			productName = Week1HW_Dropbox;
			productReference = 6A2FC46E199558D3004D0DAC /* Week1HW_Dropbox.app */;
			productType = "com.apple.product-type.application";
		};
		6A2FC47F199558D3004D0DAC /* Week1HW_DropboxTests */ = {
			isa = PBXNativeTarget;
			buildConfigurationList = 6A2FC48D199558D3004D0DAC /* Build configuration list for PBXNativeTarget "Week1HW_DropboxTests" */;
			buildPhases = (
				6A2FC47C199558D3004D0DAC /* Sources */,
				6A2FC47D199558D3004D0DAC /* Frameworks */,
				6A2FC47E199558D3004D0DAC /* Resources */,
			);
			buildRules = (
			);
			dependencies = (
				6A2FC482199558D3004D0DAC /* PBXTargetDependency */,
			);
			name = Week1HW_DropboxTests;
			productName = Week1HW_DropboxTests;
			productReference = 6A2FC480199558D3004D0DAC /* Week1HW_DropboxTests.xctest */;
			productType = "com.apple.product-type.bundle.unit-test";
		};
/* End PBXNativeTarget section */

/* Begin PBXProject section */
		6A2FC466199558D3004D0DAC /* Project object */ = {
			isa = PBXProject;
			attributes = {
				LastUpgradeCheck = 0600;
				ORGANIZATIONNAME = bp;
				TargetAttributes = {
					6A2FC46D199558D3004D0DAC = {
						CreatedOnToolsVersion = 6.0;
					};
					6A2FC47F199558D3004D0DAC = {
						CreatedOnToolsVersion = 6.0;
						TestTargetID = 6A2FC46D199558D3004D0DAC;
					};
				};
			};
			buildConfigurationList = 6A2FC469199558D3004D0DAC /* Build configuration list for PBXProject "Week1HW_Dropbox" */;
			compatibilityVersion = "Xcode 3.2";
			developmentRegion = English;
			hasScannedForEncodings = 0;
			knownRegions = (
				en,
				Base,
			);
			mainGroup = 6A2FC465199558D3004D0DAC;
			productRefGroup = 6A2FC46F199558D3004D0DAC /* Products */;
			projectDirPath = "";
			projectRoot = "";
			targets = (
				6A2FC46D199558D3004D0DAC /* Week1HW_Dropbox */,
				6A2FC47F199558D3004D0DAC /* Week1HW_DropboxTests */,
			);
		};
/* End PBXProject section */

/* Begin PBXResourcesBuildPhase section */
		6A2FC46C199558D3004D0DAC /* Resources */ = {
			isa = PBXResourcesBuildPhase;
			buildActionMask = 2147483647;
			files = (
				6A2FC479199558D3004D0DAC /* Main.storyboard in Resources */,
				6A2FC47B199558D3004D0DAC /* Images.xcassets in Resources */,
			);
			runOnlyForDeploymentPostprocessing = 0;
		};
		6A2FC47E199558D3004D0DAC /* Resources */ = {
			isa = PBXResourcesBuildPhase;
			buildActionMask = 2147483647;
			files = (
			);
			runOnlyForDeploymentPostprocessing = 0;
		};
/* End PBXResourcesBuildPhase section */

/* Begin PBXSourcesBuildPhase section */
		6A2FC46A199558D3004D0DAC /* Sources */ = {
			isa = PBXSourcesBuildPhase;
			buildActionMask = 2147483647;
			files = (
				6A2FC49D199564A7004D0DAC /* SignInViewController.swift in Sources */,
				6A2FC49319955C10004D0DAC /* CreateAccountViewController.swift in Sources */,
				6A2FC49119955B9E004D0DAC /* CreateAccountRootViewController.swift in Sources */,
				6A2FC49B1995649D004D0DAC /* SignInRootViewController.swift in Sources */,
				6A2FC476199558D3004D0DAC /* ViewController.swift in Sources */,
				6A2FC474199558D3004D0DAC /* AppDelegate.swift in Sources */,
				6A2FC49719955EA2004D0DAC /* TermsViewController.swift in Sources */,
				6A2FC49F19956A76004D0DAC /* SettingsViewController.swift in Sources */,
			);
			runOnlyForDeploymentPostprocessing = 0;
		};
		6A2FC47C199558D3004D0DAC /* Sources */ = {
			isa = PBXSourcesBuildPhase;
			buildActionMask = 2147483647;
			files = (
				6A2FC487199558D3004D0DAC /* Week1HW_DropboxTests.swift in Sources */,
			);
			runOnlyForDeploymentPostprocessing = 0;
		};
/* End PBXSourcesBuildPhase section */

/* Begin PBXTargetDependency section */
		6A2FC482199558D3004D0DAC /* PBXTargetDependency */ = {
			isa = PBXTargetDependency;
			target = 6A2FC46D199558D3004D0DAC /* Week1HW_Dropbox */;
			targetProxy = 6A2FC481199558D3004D0DAC /* PBXContainerItemProxy */;
		};
/* End PBXTargetDependency section */

/* Begin PBXVariantGroup section */
		6A2FC477199558D3004D0DAC /* Main.storyboard */ = {
			isa = PBXVariantGroup;
			children = (
				6A2FC478199558D3004D0DAC /* Base */,
			);
			name = Main.storyboard;
			sourceTree = "<group>";
		};
/* End PBXVariantGroup section */

/* Begin XCBuildConfiguration section */
		6A2FC488199558D3004D0DAC /* Debug */ = {
			isa = XCBuildConfiguration;
			buildSettings = {
				ALWAYS_SEARCH_USER_PATHS = NO;
				CLANG_CXX_LANGUAGE_STANDARD = "gnu++0x";
				CLANG_CXX_LIBRARY = "libc++";
				CLANG_ENABLE_MODULES = YES;
				CLANG_ENABLE_OBJC_ARC = YES;
				CLANG_WARN_BOOL_CONVERSION = YES;
				CLANG_WARN_CONSTANT_CONVERSION = YES;
				CLANG_WARN_DIRECT_OBJC_ISA_USAGE = YES_ERROR;
				CLANG_WARN_EMPTY_BODY = YES;
				CLANG_WARN_ENUM_CONVERSION = YES;
				CLANG_WARN_INT_CONVERSION = YES;
				CLANG_WARN_OBJC_ROOT_CLASS = YES_ERROR;
				CLANG_WARN_UNREACHABLE_CODE = YES;
				CLANG_WARN__DUPLICATE_METHOD_MATCH = YES;
				"CODE_SIGN_IDENTITY[sdk=iphoneos*]" = "iPhone Developer";
				COPY_PHASE_STRIP = NO;
				ENABLE_STRICT_OBJC_MSGSEND = YES;
				GCC_C_LANGUAGE_STANDARD = gnu99;
				GCC_DYNAMIC_NO_PIC = NO;
				GCC_OPTIMIZATION_LEVEL = 0;
				GCC_PREPROCESSOR_DEFINITIONS = (
					"DEBUG=1",
					"$(inherited)",
				);
				GCC_SYMBOLS_PRIVATE_EXTERN = NO;
				GCC_WARN_64_TO_32_BIT_CONVERSION = YES;
				GCC_WARN_ABOUT_RETURN_TYPE = YES_ERROR;
				GCC_WARN_UNDECLARED_SELECTOR = YES;
				GCC_WARN_UNINITIALIZED_AUTOS = YES_AGGRESSIVE;
				GCC_WARN_UNUSED_FUNCTION = YES;
				GCC_WARN_UNUSED_VARIABLE = YES;
				IPHONEOS_DEPLOYMENT_TARGET = 8.0;
				MTL_ENABLE_DEBUG_INFO = YES;
				ONLY_ACTIVE_ARCH = YES;
				SDKROOT = iphoneos;
				SWIFT_OPTIMIZATION_LEVEL = "-Onone";
			};
			name = Debug;
		};
		6A2FC489199558D3004D0DAC /* Release */ = {
			isa = XCBuildConfiguration;
			buildSettings = {
				ALWAYS_SEARCH_USER_PATHS = NO;
				CLANG_CXX_LANGUAGE_STANDARD = "gnu++0x";
				CLANG_CXX_LIBRARY = "libc++";
				CLANG_ENABLE_MODULES = YES;
				CLANG_ENABLE_OBJC_ARC = YES;
				CLANG_WARN_BOOL_CONVERSION = YES;
				CLANG_WARN_CONSTANT_CONVERSION = YES;
				CLANG_WARN_DIRECT_OBJC_ISA_USAGE = YES_ERROR;
				CLANG_WARN_EMPTY_BODY = YES;
				CLANG_WARN_ENUM_CONVERSION = YES;
				CLANG_WARN_INT_CONVERSION = YES;
				CLANG_WARN_OBJC_ROOT_CLASS = YES_ERROR;
				CLANG_WARN_UNREACHABLE_CODE = YES;
				CLANG_WARN__DUPLICATE_METHOD_MATCH = YES;
				"CODE_SIGN_IDENTITY[sdk=iphoneos*]" = "iPhone Developer";
				COPY_PHASE_STRIP = YES;
				ENABLE_NS_ASSERTIONS = NO;
				ENABLE_STRICT_OBJC_MSGSEND = YES;
				GCC_C_LANGUAGE_STANDARD = gnu99;
				GCC_WARN_64_TO_32_BIT_CONVERSION = YES;
				GCC_WARN_ABOUT_RETURN_TYPE = YES_ERROR;
				GCC_WARN_UNDECLARED_SELECTOR = YES;
				GCC_WARN_UNINITIALIZED_AUTOS = YES_AGGRESSIVE;
				GCC_WARN_UNUSED_FUNCTION = YES;
				GCC_WARN_UNUSED_VARIABLE = YES;
				IPHONEOS_DEPLOYMENT_TARGET = 8.0;
				MTL_ENABLE_DEBUG_INFO = NO;
				SDKROOT = iphoneos;
				VALIDATE_PRODUCT = YES;
			};
			name = Release;
		};
		6A2FC48B199558D3004D0DAC /* Debug */ = {
			isa = XCBuildConfiguration;
			buildSettings = {
				ASSETCATALOG_COMPILER_APPICON_NAME = AppIcon;
				ASSETCATALOG_COMPILER_LAUNCHIMAGE_NAME = LaunchImage;
				INFOPLIST_FILE = Week1HW_Dropbox/Info.plist;
				LD_RUNPATH_SEARCH_PATHS = "$(inherited) @executable_path/Frameworks";
				PRODUCT_NAME = "$(TARGET_NAME)";
			};
			name = Debug;
		};
		6A2FC48C199558D3004D0DAC /* Release */ = {
			isa = XCBuildConfiguration;
			buildSettings = {
				ASSETCATALOG_COMPILER_APPICON_NAME = AppIcon;
				ASSETCATALOG_COMPILER_LAUNCHIMAGE_NAME = LaunchImage;
				INFOPLIST_FILE = Week1HW_Dropbox/Info.plist;
				LD_RUNPATH_SEARCH_PATHS = "$(inherited) @executable_path/Frameworks";
				PRODUCT_NAME = "$(TARGET_NAME)";
			};
			name = Release;
		};
		6A2FC48E199558D3004D0DAC /* Debug */ = {
			isa = XCBuildConfiguration;
			buildSettings = {
				BUNDLE_LOADER = "$(TEST_HOST)";
				FRAMEWORK_SEARCH_PATHS = (
					"$(SDKROOT)/Developer/Library/Frameworks",
					"$(inherited)",
				);
				GCC_PREPROCESSOR_DEFINITIONS = (
					"DEBUG=1",
					"$(inherited)",
				);
				INFOPLIST_FILE = Week1HW_DropboxTests/Info.plist;
				LD_RUNPATH_SEARCH_PATHS = "$(inherited) @executable_path/Frameworks @loader_path/Frameworks";
				PRODUCT_NAME = "$(TARGET_NAME)";
				TEST_HOST = "$(BUILT_PRODUCTS_DIR)/Week1HW_Dropbox.app/Week1HW_Dropbox";
			};
			name = Debug;
		};
		6A2FC48F199558D3004D0DAC /* Release */ = {
			isa = XCBuildConfiguration;
			buildSettings = {
				BUNDLE_LOADER = "$(TEST_HOST)";
				FRAMEWORK_SEARCH_PATHS = (
					"$(SDKROOT)/Developer/Library/Frameworks",
					"$(inherited)",
				);
				INFOPLIST_FILE = Week1HW_DropboxTests/Info.plist;
				LD_RUNPATH_SEARCH_PATHS = "$(inherited) @executable_path/Frameworks @loader_path/Frameworks";
				PRODUCT_NAME = "$(TARGET_NAME)";
				TEST_HOST = "$(BUILT_PRODUCTS_DIR)/Week1HW_Dropbox.app/Week1HW_Dropbox";
			};
			name = Release;
		};
/* End XCBuildConfiguration section */

/* Begin XCConfigurationList section */
		6A2FC469199558D3004D0DAC /* Build configuration list for PBXProject "Week1HW_Dropbox" */ = {
			isa = XCConfigurationList;
			buildConfigurations = (
				6A2FC488199558D3004D0DAC /* Debug */,
				6A2FC489199558D3004D0DAC /* Release */,
			);
			defaultConfigurationIsVisible = 0;
			defaultConfigurationName = Release;
		};
		6A2FC48A199558D3004D0DAC /* Build configuration list for PBXNativeTarget "Week1HW_Dropbox" */ = {
			isa = XCConfigurationList;
			buildConfigurations = (
				6A2FC48B199558D3004D0DAC /* Debug */,
				6A2FC48C199558D3004D0DAC /* Release */,
			);
			defaultConfigurationIsVisible = 0;
		};
		6A2FC48D199558D3004D0DAC /* Build configuration list for PBXNativeTarget "Week1HW_DropboxTests" */ = {
			isa = XCConfigurationList;
			buildConfigurations = (
				6A2FC48E199558D3004D0DAC /* Debug */,
				6A2FC48F199558D3004D0DAC /* Release */,
			);
			defaultConfigurationIsVisible = 0;
		};
/* End XCConfigurationList section */
	};
	rootObject = 6A2FC466199558D3004D0DAC /* Project object */;
}
